
Microsoft Visual Studio Solution File, Format Version 12.00
# Visual Studio Version 16
VisualStudioVersion = 16.0.31424.327
MinimumVisualStudioVersion = 10.0.40219.1
Project("{FAE04EC0-301F-11D3-BF4B-00C04F79EFBC}") = "Homework_3_Arrays", "Homework_3_Arrays.csproj", "{7DCA61EC-F756-4192-A6FE-B6D8F8AE8F69}"
EndProject
Global
	GlobalSection(SolutionConfigurationPlatforms) = preSolution
		Debug|Any CPU = Debug|Any CPU
		Release|Any CPU = Release|Any CPU
	EndGlobalSection
	GlobalSection(ProjectConfigurationPlatforms) = postSolution
		{7DCA61EC-F756-4192-A6FE-B6D8F8AE8F69}.Debug|Any CPU.ActiveCfg = Debug|Any CPU
		{7DCA61EC-F756-4192-A6FE-B6D8F8AE8F69}.Debug|Any CPU.Build.0 = Debug|Any CPU
		{7DCA61EC-F756-4192-A6FE-B6D8F8AE8F69}.Release|Any CPU.ActiveCfg = Release|Any CPU
		{7DCA61EC-F756-4192-A6FE-B6D8F8AE8F69}.Release|Any CPU.Build.0 = Release|Any CPU
	EndGlobalSection
	GlobalSection(SolutionProperties) = preSolution
		HideSolutionNode = FALSE
	EndGlobalSection
	GlobalSection(ExtensibilityGlobals) = postSolution
		SolutionGuid = {5DA829A6-B1C6-4830-BD7D-F0C538F44B65}
	EndGlobalSection
EndGlobal
